
Microsoft Visual Studio Solution File, Format Version 12.00
# Visual Studio Version 17
VisualStudioVersion = 17.10.35027.167
MinimumVisualStudioVersion = 10.0.40219.1
Project("{FAE04EC0-301F-11D3-BF4B-00C04F79EFBC}") = "FuncionariosAPI", "FuncionariosAPI.csproj", "{24318795-6F38-45FC-99B5-6110D8970ABF}"
EndProject
Global
	GlobalSection(SolutionConfigurationPlatforms) = preSolution
		Debug|Any CPU = Debug|Any CPU
		Release|Any CPU = Release|Any CPU
	EndGlobalSection
	GlobalSection(ProjectConfigurationPlatforms) = postSolution
		{24318795-6F38-45FC-99B5-6110D8970ABF}.Debug|Any CPU.ActiveCfg = Debug|Any CPU
		{24318795-6F38-45FC-99B5-6110D8970ABF}.Debug|Any CPU.Build.0 = Debug|Any CPU
		{24318795-6F38-45FC-99B5-6110D8970ABF}.Release|Any CPU.ActiveCfg = Release|Any CPU
		{24318795-6F38-45FC-99B5-6110D8970ABF}.Release|Any CPU.Build.0 = Release|Any CPU
	EndGlobalSection
	GlobalSection(SolutionProperties) = preSolution
		HideSolutionNode = FALSE
	EndGlobalSection
	GlobalSection(ExtensibilityGlobals) = postSolution
		SolutionGuid = {D52DF432-9D32-44E1-B0BD-17F99F394BA5}
	EndGlobalSection
EndGlobal
